
Microsoft Visual Studio Solution File, Format Version 12.00
# Visual Studio Version 16
VisualStudioVersion = 16.0.29806.167
MinimumVisualStudioVersion = 10.0.40219.1
Project("{FAE04EC0-301F-11D3-BF4B-00C04F79EFBC}") = "CSharpDesignPattern", "CSharpDesignPattern\CSharpDesignPattern.csproj", "{918C0B7D-4A63-49F1-ADE6-C100186B89FB}"
EndProject
Project("{FAE04EC0-301F-11D3-BF4B-00C04F79EFBC}") = "CompositePattern1", "CompositePattern1\CompositePattern1.csproj", "{B1083548-B871-4918-9BCE-B3A436EE3912}"
EndProject
Project("{FAE04EC0-301F-11D3-BF4B-00C04F79EFBC}") = "DetectingDecoratorCycles", "DetectingDecoratorCycles\DetectingDecoratorCycles.csproj", "{1D3C3A65-608E-4BA4-B9B5-A46EF888B251}"
EndProject
Global
	GlobalSection(SolutionConfigurationPlatforms) = preSolution
		Debug|Any CPU = Debug|Any CPU
		Release|Any CPU = Release|Any CPU
	EndGlobalSection
	GlobalSection(ProjectConfigurationPlatforms) = postSolution
		{918C0B7D-4A63-49F1-ADE6-C100186B89FB}.Debug|Any CPU.ActiveCfg = Debug|Any CPU
		{918C0B7D-4A63-49F1-ADE6-C100186B89FB}.Debug|Any CPU.Build.0 = Debug|Any CPU
		{918C0B7D-4A63-49F1-ADE6-C100186B89FB}.Release|Any CPU.ActiveCfg = Release|Any CPU
		{918C0B7D-4A63-49F1-ADE6-C100186B89FB}.Release|Any CPU.Build.0 = Release|Any CPU
		{B1083548-B871-4918-9BCE-B3A436EE3912}.Debug|Any CPU.ActiveCfg = Debug|Any CPU
		{B1083548-B871-4918-9BCE-B3A436EE3912}.Debug|Any CPU.Build.0 = Debug|Any CPU
		{B1083548-B871-4918-9BCE-B3A436EE3912}.Release|Any CPU.ActiveCfg = Release|Any CPU
		{B1083548-B871-4918-9BCE-B3A436EE3912}.Release|Any CPU.Build.0 = Release|Any CPU
		{1D3C3A65-608E-4BA4-B9B5-A46EF888B251}.Debug|Any CPU.ActiveCfg = Debug|Any CPU
		{1D3C3A65-608E-4BA4-B9B5-A46EF888B251}.Debug|Any CPU.Build.0 = Debug|Any CPU
		{1D3C3A65-608E-4BA4-B9B5-A46EF888B251}.Release|Any CPU.ActiveCfg = Release|Any CPU
		{1D3C3A65-608E-4BA4-B9B5-A46EF888B251}.Release|Any CPU.Build.0 = Release|Any CPU
	EndGlobalSection
	GlobalSection(SolutionProperties) = preSolution
		HideSolutionNode = FALSE
	EndGlobalSection
	GlobalSection(ExtensibilityGlobals) = postSolution
		SolutionGuid = {5398FC6D-1D22-432E-A709-1B649222F6BB}
	EndGlobalSection
EndGlobal
